{
  "nodes": {
    "flake-utils": {
      "locked": {
        "lastModified": 1644229661,
        "narHash": "sha256-1YdnJAsNy69bpcjuoKdOYQX0YxZBiCYZo4Twxerqv7k=",
        "owner": "numtide",
        "repo": "flake-utils",
        "rev": "3cecb5b042f7f209c56ffd8371b2711a290ec797",
        "type": "github"
      },
      "original": {
        "owner": "numtide",
        "repo": "flake-utils",
        "type": "github"
      }
    },
    "nix-filter": {
      "locked": {
        "lastModified": 1646733795,
        "narHash": "sha256-W9elpjb6b4lqDsw6GxmLEVKaD1/nJQuBy/ikT76cL5c=",
        "owner": "numtide",
        "repo": "nix-filter",
        "rev": "e4e8649a3b6f0d3c181955945a84e6918d3f832a",
        "type": "github"
      },
      "original": {
        "owner": "numtide",
        "repo": "nix-filter",
        "type": "github"
      }
    },
    "nixpkgs": {
      "locked": {
        "lastModified": 1646506091,
        "narHash": "sha256-sWNAJE2m+HOh1jtXlHcnhxsj6/sXrHgbqVNcVRlveK4=",
        "owner": "nixos",
        "repo": "nixpkgs",
        "rev": "3e644bd62489b516292c816f70bf0052c693b3c7",
        "type": "github"
      },
      "original": {
        "owner": "nixos",
        "ref": "nixpkgs-unstable",
        "repo": "nixpkgs",
        "type": "github"
      }
    },
    "root": {
      "inputs": {
        "flake-utils": "flake-utils",
        "nix-filter": "nix-filter",
        "nixpkgs": "nixpkgs"
      }
    }
  },
  "root": "root",
  "version": 7
}
